
Microsoft Visual Studio Solution File, Format Version 12.00
# Visual Studio Version 16
VisualStudioVersion = 16.0.31025.194
MinimumVisualStudioVersion = 10.0.40219.1
Project("{FAE04EC0-301F-11D3-BF4B-00C04F79EFBC}") = "BlazorServer", "BlazorServer\BlazorServer.csproj", "{7C574BD9-6725-48B7-9E70-FE7086C82FA3}"
EndProject
Global
	GlobalSection(SolutionConfigurationPlatforms) = preSolution
		Debug|Any CPU = Debug|Any CPU
		Release|Any CPU = Release|Any CPU
	EndGlobalSection
	GlobalSection(ProjectConfigurationPlatforms) = postSolution
		{7C574BD9-6725-48B7-9E70-FE7086C82FA3}.Debug|Any CPU.ActiveCfg = Debug|Any CPU
		{7C574BD9-6725-48B7-9E70-FE7086C82FA3}.Debug|Any CPU.Build.0 = Debug|Any CPU
		{7C574BD9-6725-48B7-9E70-FE7086C82FA3}.Release|Any CPU.ActiveCfg = Release|Any CPU
		{7C574BD9-6725-48B7-9E70-FE7086C82FA3}.Release|Any CPU.Build.0 = Release|Any CPU
	EndGlobalSection
	GlobalSection(SolutionProperties) = preSolution
		HideSolutionNode = FALSE
	EndGlobalSection
	GlobalSection(ExtensibilityGlobals) = postSolution
		SolutionGuid = {A1F8DFCB-4964-4008-ACA7-E552688AF8F0}
	EndGlobalSection
EndGlobal
